
Microsoft Visual Studio Solution File, Format Version 9.00
# Visual Studio 2005
Project("{8BC9CEB8-8B4A-11D0-8D11-00A0C91BC942}") = "game2048", "..\src\src_game2048\game2048.vcproj", "{F567C82C-AF2E-402A-88E2-C98EA4A54926}"
EndProject
Global
	GlobalSection(SolutionConfigurationPlatforms) = preSolution
		Debug|Win32 = Debug|Win32
		Release|Win32 = Release|Win32
	EndGlobalSection
	GlobalSection(ProjectConfigurationPlatforms) = postSolution
		{F567C82C-AF2E-402A-88E2-C98EA4A54926}.Debug|Win32.ActiveCfg = Debug|Win32
		{F567C82C-AF2E-402A-88E2-C98EA4A54926}.Debug|Win32.Build.0 = Debug|Win32
		{F567C82C-AF2E-402A-88E2-C98EA4A54926}.Release|Win32.ActiveCfg = Release|Win32
		{F567C82C-AF2E-402A-88E2-C98EA4A54926}.Release|Win32.Build.0 = Release|Win32
	EndGlobalSection
	GlobalSection(SolutionProperties) = preSolution
		HideSolutionNode = FALSE
	EndGlobalSection
EndGlobal
